{
  "name": "panel-log",
  "version": "1.8.2",
  "lockfileVersion": 1,
  "requires": true,
  "dependencies": {
    "ansi-regex": {
      "version": "2.1.1",
      "resolved": "https://registry.npmjs.org/ansi-regex/-/ansi-regex-2.1.1.tgz",
      "integrity": "sha1-w7M6te42DYbg5ijwRorn7yfWVN8="
    },
    "append-type": {
      "version": "1.0.2",
      "resolved": "https://registry.npmjs.org/append-type/-/append-type-1.0.2.tgz",
      "integrity": "sha512-hac740vT/SAbrFBLgLIWZqVT5PUAcGTWS5UkDDhr+OCizZSw90WKw6sWAEgGaYd2viIblggypMXwpjzHXOvAQg=="
    },
    "array-includes-all": {
      "version": "2.0.0",
      "resolved": "https://registry.npmjs.org/array-includes-all/-/array-includes-all-2.0.0.tgz",
      "integrity": "sha512-adtLgp4gowTJojppKRsyuco1B0YK1eOa2prwr1rCpF2ofOcuclx60W3GRqUpTVi3IorufS5uIZIilHECdl/5uA==",
      "requires": {
        "append-type": "^1.0.1"
      }
    },
    "array-includes-with-glob": {
      "version": "2.11.21",
      "resolved": "https://registry.npmjs.org/array-includes-with-glob/-/array-includes-with-glob-2.11.21.tgz",
      "integrity": "sha512-nOac/V9MCbYy05xrR7NVIO7BaHg/x2Lm1XSdfysDAamlxFAvYJABtpT0YxmzcSl+OumxYdp4TLDSIBZnp2zFQQ==",
      "requires": {
        "matcher": "^1.1.1"
      }
    },
    "arrayiffy-if-string": {
      "version": "3.10.21",
      "resolved": "https://registry.npmjs.org/arrayiffy-if-string/-/arrayiffy-if-string-3.10.21.tgz",
      "integrity": "sha512-bV95qKZLm+lVHcLe1nquzhREaxg2iMXBgoZ4pmKtpClM4Zqgx0H+4GvwDGzbh/2gUBlKe22TNwwXf+BZajqfcQ=="
    },
    "ast-monkey-traverse": {
      "version": "1.11.17",
      "resolved": "https://registry.npmjs.org/ast-monkey-traverse/-/ast-monkey-traverse-1.11.17.tgz",
      "integrity": "sha512-dp3UG6hDRsUbNJqvo9rIj5TUKUw8mCzzbWwv8erISIkDmc2CrKNi8YmK60dlUj0S8LlP8uEWyNeCW32SNtI5gg==",
      "requires": {
        "lodash.clonedeep": "^4.5.0",
        "lodash.isplainobject": "^4.0.6"
      }
    },
    "basic-stopwatch": {
      "version": "0.0.1",
      "resolved": "https://registry.npmjs.org/basic-stopwatch/-/basic-stopwatch-0.0.1.tgz",
      "integrity": "sha512-6QYK4yJroTpZt3SxCRyTuHOEnO3OrCOSP96A9AFwxOJu5I+7sBIIdC4zcp0NOpop35ZuUuKYzBVbavwXYonUmw==",
      "requires": {
        "object-merge-advanced": "^10.10.21"
      }
    },
    "check-types-mini": {
      "version": "5.7.17",
      "resolved": "https://registry.npmjs.org/check-types-mini/-/check-types-mini-5.7.17.tgz",
      "integrity": "sha512-8fgMXckt+yUccMV0ykHQuSjTiG7mQ+1TwQWlx93nxkhciYK75TFw8CSHkoeqz+hq2/9aSIV0Wzo3ZSyccIw76A==",
      "requires": {
        "arrayiffy-if-string": "^3.10.21",
        "ast-monkey-traverse": "^1.11.17",
        "lodash.intersection": "^4.4.0",
        "lodash.pullall": "^4.2.0",
        "matcher": "^1.1.1",
        "object-path": "^0.11.4",
        "ordinal": "^1.0.2",
        "type-detect": "^4.0.8"
      }
    },
    "cli-color": {
      "version": "1.4.0",
      "resolved": "https://registry.npmjs.org/cli-color/-/cli-color-1.4.0.tgz",
      "integrity": "sha512-xu6RvQqqrWEo6MPR1eixqGPywhYBHRs653F9jfXB2Hx4jdM/3WxiNE1vppRmxtMIfl16SFYTpYlrnqH/HsK/2w==",
      "requires": {
        "ansi-regex": "^2.1.1",
        "d": "1",
        "es5-ext": "^0.10.46",
        "es6-iterator": "^2.0.3",
        "memoizee": "^0.4.14",
        "timers-ext": "^0.1.5"
      }
    },
    "clui": {
      "version": "0.3.6",
      "resolved": "https://registry.npmjs.org/clui/-/clui-0.3.6.tgz",
      "integrity": "sha512-Z4UbgZILlIAjkEkZiDOa2aoYjohKx7fa6DxIh6cE9A6WNWZ61iXfQc6CmdC9SKdS5nO0P0UyQ+WfoXfB65e3HQ==",
      "requires": {
        "cli-color": "0.3.2"
      },
      "dependencies": {
        "cli-color": {
          "version": "0.3.2",
          "resolved": "https://registry.npmjs.org/cli-color/-/cli-color-0.3.2.tgz",
          "integrity": "sha1-dfpfcowwjMSsWUsF4GzF2A2szYY=",
          "requires": {
            "d": "~0.1.1",
            "es5-ext": "~0.10.2",
            "memoizee": "0.3.x",
            "timers-ext": "0.1.x"
          }
        },
        "d": {
          "version": "0.1.1",
          "resolved": "https://registry.npmjs.org/d/-/d-0.1.1.tgz",
          "integrity": "sha1-2hhMU10Y2O57oqoim5FACfrhEwk=",
          "requires": {
            "es5-ext": "~0.10.2"
          }
        },
        "es6-iterator": {
          "version": "0.1.3",
          "resolved": "https://registry.npmjs.org/es6-iterator/-/es6-iterator-0.1.3.tgz",
          "integrity": "sha1-1vWLjE/EE8JJtLqhl2j45NfIlE4=",
          "requires": {
            "d": "~0.1.1",
            "es5-ext": "~0.10.5",
            "es6-symbol": "~2.0.1"
          }
        },
        "es6-symbol": {
          "version": "2.0.1",
          "resolved": "https://registry.npmjs.org/es6-symbol/-/es6-symbol-2.0.1.tgz",
          "integrity": "sha1-dhtcZ8/U8dGK+yNPaR1nhoLLO/M=",
          "requires": {
            "d": "~0.1.1",
            "es5-ext": "~0.10.5"
          }
        },
        "es6-weak-map": {
          "version": "0.1.4",
          "resolved": "https://registry.npmjs.org/es6-weak-map/-/es6-weak-map-0.1.4.tgz",
          "integrity": "sha1-cGzvnpmqI2undmwjnIueKG6n0ig=",
          "requires": {
            "d": "~0.1.1",
            "es5-ext": "~0.10.6",
            "es6-iterator": "~0.1.3",
            "es6-symbol": "~2.0.1"
          }
        },
        "memoizee": {
          "version": "0.3.10",
          "resolved": "https://registry.npmjs.org/memoizee/-/memoizee-0.3.10.tgz",
          "integrity": "sha1-TsoNiu057J0Bf0xcLy9kMvQuXI8=",
          "requires": {
            "d": "~0.1.1",
            "es5-ext": "~0.10.11",
            "es6-weak-map": "~0.1.4",
            "event-emitter": "~0.3.4",
            "lru-queue": "0.1",
            "next-tick": "~0.2.2",
            "timers-ext": "0.1"
          }
        },
        "next-tick": {
          "version": "0.2.2",
          "resolved": "https://registry.npmjs.org/next-tick/-/next-tick-0.2.2.tgz",
          "integrity": "sha1-ddpKkn7liH45BliABltzNkE7MQ0="
        }
      }
    },
    "d": {
      "version": "1.0.0",
      "resolved": "https://registry.npmjs.org/d/-/d-1.0.0.tgz",
      "integrity": "sha1-dUu1v+VUUdpppYuU1F9MWwRi1Y8=",
      "requires": {
        "es5-ext": "^0.10.9"
      }
    },
    "es5-ext": {
      "version": "0.10.50",
      "resolved": "https://registry.npmjs.org/es5-ext/-/es5-ext-0.10.50.tgz",
      "integrity": "sha512-KMzZTPBkeQV/JcSQhI5/z6d9VWJ3EnQ194USTUwIYZ2ZbpN8+SGXQKt1h68EX44+qt+Fzr8DO17vnxrw7c3agw==",
      "requires": {
        "es6-iterator": "~2.0.3",
        "es6-symbol": "~3.1.1",
        "next-tick": "^1.0.0"
      }
    },
    "es6-iterator": {
      "version": "2.0.3",
      "resolved": "https://registry.npmjs.org/es6-iterator/-/es6-iterator-2.0.3.tgz",
      "integrity": "sha1-p96IkUGgWpSwhUQDstCg+/qY87c=",
      "requires": {
        "d": "1",
        "es5-ext": "^0.10.35",
        "es6-symbol": "^3.1.1"
      }
    },
    "es6-symbol": {
      "version": "3.1.1",
      "resolved": "https://registry.npmjs.org/es6-symbol/-/es6-symbol-3.1.1.tgz",
      "integrity": "sha1-vwDvT9q2uhtG7Le2KbTH7VcVzHc=",
      "requires": {
        "d": "1",
        "es5-ext": "~0.10.14"
      }
    },
    "es6-weak-map": {
      "version": "2.0.2",
      "resolved": "https://registry.npmjs.org/es6-weak-map/-/es6-weak-map-2.0.2.tgz",
      "integrity": "sha1-XjqzIlH/0VOKH45f+hNXdy+S2W8=",
      "requires": {
        "d": "1",
        "es5-ext": "^0.10.14",
        "es6-iterator": "^2.0.1",
        "es6-symbol": "^3.1.1"
      }
    },
    "escape-string-regexp": {
      "version": "1.0.5",
      "resolved": "https://registry.npmjs.org/escape-string-regexp/-/escape-string-regexp-1.0.5.tgz",
      "integrity": "sha1-G2HAViGQqN/2rjuyzwIAyhMLhtQ="
    },
    "event-emitter": {
      "version": "0.3.5",
      "resolved": "https://registry.npmjs.org/event-emitter/-/event-emitter-0.3.5.tgz",
      "integrity": "sha1-34xp7vFkeSPHFXuc6DhAYQsCzDk=",
      "requires": {
        "d": "1",
        "es5-ext": "~0.10.14"
      }
    },
    "is-promise": {
      "version": "2.1.0",
      "resolved": "https://registry.npmjs.org/is-promise/-/is-promise-2.1.0.tgz",
      "integrity": "sha1-eaKp7OfwlugPNtKy87wWwf9L8/o="
    },
    "lodash.clonedeep": {
      "version": "4.5.0",
      "resolved": "https://registry.npmjs.org/lodash.clonedeep/-/lodash.clonedeep-4.5.0.tgz",
      "integrity": "sha1-4j8/nE+Pvd6HJSnBBxhXoIblzO8="
    },
    "lodash.includes": {
      "version": "4.3.0",
      "resolved": "https://registry.npmjs.org/lodash.includes/-/lodash.includes-4.3.0.tgz",
      "integrity": "sha1-YLuYqHy5I8aMoeUTJUgzFISfVT8="
    },
    "lodash.intersection": {
      "version": "4.4.0",
      "resolved": "https://registry.npmjs.org/lodash.intersection/-/lodash.intersection-4.4.0.tgz",
      "integrity": "sha1-ChG6Yx0OlcI8fy9Mu5ppLtF45wU="
    },
    "lodash.isplainobject": {
      "version": "4.0.6",
      "resolved": "https://registry.npmjs.org/lodash.isplainobject/-/lodash.isplainobject-4.0.6.tgz",
      "integrity": "sha1-fFJqUtibRcRcxpC4gWO+BJf1UMs="
    },
    "lodash.pullall": {
      "version": "4.2.0",
      "resolved": "https://registry.npmjs.org/lodash.pullall/-/lodash.pullall-4.2.0.tgz",
      "integrity": "sha1-nZi4UYt8llsPrkCZvZ+334u/OLo="
    },
    "lodash.uniq": {
      "version": "4.5.0",
      "resolved": "https://registry.npmjs.org/lodash.uniq/-/lodash.uniq-4.5.0.tgz",
      "integrity": "sha1-0CJTc662Uq3BvILklFM5qEJ1R3M="
    },
    "lru-queue": {
      "version": "0.1.0",
      "resolved": "https://registry.npmjs.org/lru-queue/-/lru-queue-0.1.0.tgz",
      "integrity": "sha1-Jzi9nw089PhEkMVzbEhpmsYyzaM=",
      "requires": {
        "es5-ext": "~0.10.2"
      }
    },
    "matcher": {
      "version": "1.1.1",
      "resolved": "https://registry.npmjs.org/matcher/-/matcher-1.1.1.tgz",
      "integrity": "sha512-+BmqxWIubKTRKNWx/ahnCkk3mG8m7OturVlqq6HiojGJTd5hVYbgZm6WzcYPCoB+KBT4Vd6R7WSRG2OADNaCjg==",
      "requires": {
        "escape-string-regexp": "^1.0.4"
      }
    },
    "memoizee": {
      "version": "0.4.14",
      "resolved": "https://registry.npmjs.org/memoizee/-/memoizee-0.4.14.tgz",
      "integrity": "sha512-/SWFvWegAIYAO4NQMpcX+gcra0yEZu4OntmUdrBaWrJncxOqAziGFlHxc7yjKVK2uu3lpPW27P27wkR82wA8mg==",
      "requires": {
        "d": "1",
        "es5-ext": "^0.10.45",
        "es6-weak-map": "^2.0.2",
        "event-emitter": "^0.3.5",
        "is-promise": "^2.1",
        "lru-queue": "0.1",
        "next-tick": "1",
        "timers-ext": "^0.1.5"
      }
    },
    "next-tick": {
      "version": "1.0.0",
      "resolved": "https://registry.npmjs.org/next-tick/-/next-tick-1.0.0.tgz",
      "integrity": "sha1-yobR/ogoFpsBICCOPchCS524NCw="
    },
    "object-merge-advanced": {
      "version": "10.10.21",
      "resolved": "https://registry.npmjs.org/object-merge-advanced/-/object-merge-advanced-10.10.21.tgz",
      "integrity": "sha512-ftAxZ60ZwOfc6JlLlEOe08PmHEa/GUoSL+QbCO+7wcr+g2+2A2DDZbsKci8bacaJQCu/iSdHb0eT+/byUp/r8w==",
      "requires": {
        "array-includes-all": "^2.0.0",
        "array-includes-with-glob": "^2.11.21",
        "arrayiffy-if-string": "^3.10.21",
        "check-types-mini": "^5.7.17",
        "lodash.clonedeep": "^4.5.0",
        "lodash.includes": "^4.3.0",
        "lodash.isplainobject": "^4.0.6",
        "lodash.uniq": "^4.5.0",
        "util-nonempty": "^2.9.21"
      }
    },
    "object-path": {
      "version": "0.11.5",
      "resolved": "https://registry.npmjs.org/object-path/-/object-path-0.11.5.tgz",
      "integrity": "sha512-jgSbThcoR/s+XumvGMTMf81QVBmah+/Q7K7YduKeKVWL7N111unR2d6pZZarSk6kY/caeNxUDyxOvMWyzoU2eg=="
    },
    "ordinal": {
      "version": "1.0.3",
      "resolved": "https://registry.npmjs.org/ordinal/-/ordinal-1.0.3.tgz",
      "integrity": "sha512-cMddMgb2QElm8G7vdaa02jhUNbTSrhsgAGUz1OokD83uJTwSUn+nKoNoKVVaRa08yF6sgfO7Maou1+bgLd9rdQ=="
    },
    "readline": {
      "version": "1.3.0",
      "resolved": "https://registry.npmjs.org/readline/-/readline-1.3.0.tgz",
      "integrity": "sha1-xYDXfvLPyHUrEySYBg3JeTp6wBw="
    },
    "signals": {
      "version": "1.0.0",
      "resolved": "https://registry.npmjs.org/signals/-/signals-1.0.0.tgz",
      "integrity": "sha1-ZfDBWZNSs1Ny7KrlolDmEHN27Wk="
    },
    "timers-ext": {
      "version": "0.1.7",
      "resolved": "https://registry.npmjs.org/timers-ext/-/timers-ext-0.1.7.tgz",
      "integrity": "sha512-b85NUNzTSdodShTIbky6ZF02e8STtVVfD+fu4aXXShEELpozH+bCpJLYMPZbsABN2wDH7fJpqIoXxJpzbf0NqQ==",
      "requires": {
        "es5-ext": "~0.10.46",
        "next-tick": "1"
      }
    },
    "type-detect": {
      "version": "4.0.8",
      "resolved": "https://registry.npmjs.org/type-detect/-/type-detect-4.0.8.tgz",
      "integrity": "sha512-0fr/mIH1dlO+x7TlcMy+bIDqKPsw/70tVyeHW787goQjhmqaZe10uwLujubK9q9Lg6Fiho1KUKDYz0Z7k7g5/g=="
    },
    "util-nonempty": {
      "version": "2.9.21",
      "resolved": "https://registry.npmjs.org/util-nonempty/-/util-nonempty-2.9.21.tgz",
      "integrity": "sha512-aAqsz94hMufR2uGte6PWoDbYTzWaGO165lrd9wVBswZ2n5gTMay0hqGMZjfhoBoidaU4crNAEUaYkcfg96CzJA==",
      "requires": {
        "lodash.isplainobject": "^4.0.6"
      }
    }
  }
}
